# This file is autogenerated, do not edit; changes may be undone by the next 'dep ensure'.


[[projects]]
  name = "github.com/gorilla/mux"
  packages = ["."]
  revision = "00bdffe0f3c77e27d2cf6f5c70232a2d3e4d9c15"
  version = "v1.7.3"

[solve-meta]
  analyzer-name = "dep"
  analyzer-version = 1
  inputs-digest = "376c0d5dfb4452fc14468b29ec84249796d85b23c90b36b3d6c74a409a1c84a7"
  solver-name = "gps-cdcl"
  solver-version = 1
